{
  "originHash" : "27de3208c713a5762c8c32f03fba871a5af1388f7057f859e10d6d1e8ce45249",
  "pins" : [
    {
      "identity" : "ragnarnetworking",
      "kind" : "remoteSourceControl",
      "location" : "https://github.com/JamesRagnar/RagnarNetworking.git",
      "state" : {
        "branch" : "main",
        "revision" : "edb13784c0c2f9789be806af6a5d11bb91d7fd5a"
      }
    }
  ],
  "version" : 3
}
