{
  "originHash" : "5b123dfdc089fece32928d7523fa6024d21b64c281efa2b13ccf0e14a94e7431",
  "pins" : [
    {
      "identity" : "ragnarnetworking",
      "kind" : "remoteSourceControl",
      "location" : "https://github.com/JamesRagnar/RagnarNetworking",
      "state" : {
        "branch" : "issue-88-base",
        "revision" : "ecf3ec91e5372faa7083dad928fb60bec1f00839"
      }
    }
  ],
  "version" : 3
}
