{
  "originHash" : "7e6e690371199276efdb1a7c9630ebfd04b0c2ec1f7c1175b6329b3daca9622c",
  "pins" : [
    {
      "identity" : "ragnarnetworking",
      "kind" : "remoteSourceControl",
      "location" : "https://github.com/JamesRagnar/RagnarNetworking",
      "state" : {
        "revision" : "fa3c5649c9c96e174f21cc28db8b140ff7f42d20",
        "version" : "1.0.0"
      }
    }
  ],
  "version" : 3
}
